PODS:
  - Bolts/Tasks (1.2.0)
  - GKImagePicker@robseward (0.0.7)
  - MMDrawerController (0.6.0):
    - MMDrawerController/Core (= 0.6.0)
    - MMDrawerController/MMDrawerBarButtonItem (= 0.6.0)
    - MMDrawerController/MMDrawerVisualStates (= 0.6.0)
    - MMDrawerController/Subclass (= 0.6.0)
  - MMDrawerController/Core (0.6.0)
  - MMDrawerController/MMDrawerBarButtonItem (0.6.0):
    - MMDrawerController/Core
  - MMDrawerController/MMDrawerVisualStates (0.6.0):
    - MMDrawerController/Core
  - MMDrawerController/Subclass (0.6.0):
    - MMDrawerController/Core
  - Parse (1.8.0):
    - Bolts/Tasks (>= 1.2.0)
  - ParseUI (1.1.5):
    - Bolts/Tasks (~> 1.2)
    - Parse (~> 1.8)
  - SZTextView (1.2.1)

DEPENDENCIES:
  - GKImagePicker@robseward (~> 0.0)
  - MMDrawerController
  - Parse
  - ParseUI
  - SZTextView

SPEC CHECKSUMS:
  Bolts: d176cb1e0012175589e389a9db49b85e27787576
  GKImagePicker@robseward: 800d33db9ee27eaa7f253ca2d4ff61a8ba290b1f
  MMDrawerController: e3a54a5570388463ad3b36975251575b50c4e1a0
  Parse: 6ea05adb378fbfd6f8726ab67ef74330d96fc903
  ParseUI: 2c53621ed028ee793f5ab92a551b099689265525
  SZTextView: 906df45afd3c1b24fc5252088d5ef8061513c238

COCOAPODS: 0.37.2
